{
  "name": "realtime-agent-lab",
  "version": "1.0.0",
  "lockfileVersion": 3,
  "requires": true,
  "packages": {
    "": {
      "name": "realtime-agent-lab",
      "version": "1.0.0",
      "license": "GPL-3.0-or-later",
      "workspaces": [
        "packages/*"
      ],
      "engines": {
        "node": ">=20"
      }
    },
    "node_modules/@realtime-agent-lab/adapters": {
      "resolved": "packages/adapters",
      "link": true
    },
    "node_modules/@realtime-agent-lab/cli": {
      "resolved": "packages/cli",
      "link": true
    },
    "node_modules/@realtime-agent-lab/evaluator": {
      "resolved": "packages/evaluator",
      "link": true
    },
    "node_modules/@realtime-agent-lab/security": {
      "resolved": "packages/security",
      "link": true
    },
    "node_modules/@realtime-agent-lab/spec": {
      "resolved": "packages/spec",
      "link": true
    },
    "packages/adapters": {
      "name": "@realtime-agent-lab/adapters",
      "version": "1.0.0",
      "license": "GPL-3.0-or-later"
    },
    "packages/cli": {
      "name": "@realtime-agent-lab/cli",
      "version": "1.0.0",
      "license": "GPL-3.0-or-later",
      "dependencies": {
        "@realtime-agent-lab/evaluator": "1.0.0",
        "@realtime-agent-lab/security": "1.0.0",
        "@realtime-agent-lab/spec": "1.0.0"
      },
      "bin": {
        "ral": "bin/ral.js"
      }
    },
    "packages/evaluator": {
      "name": "@realtime-agent-lab/evaluator",
      "version": "1.0.0",
      "license": "GPL-3.0-or-later",
      "dependencies": {
        "@realtime-agent-lab/security": "1.0.0",
        "@realtime-agent-lab/spec": "1.0.0"
      }
    },
    "packages/security": {
      "name": "@realtime-agent-lab/security",
      "version": "1.0.0",
      "license": "GPL-3.0-or-later"
    },
    "packages/spec": {
      "name": "@realtime-agent-lab/spec",
      "version": "1.0.0",
      "license": "GPL-3.0-or-later",
      "engines": {
        "node": ">=20"
      }
    }
  }
}
